Microsoft Visual Studio Solution File, Format Version 12.00
# Visual Studio Version 17
VisualStudioVersion = 17.5.2.0
MinimumVisualStudioVersion = 10.0.40219.1
Project("{FAE04EC0-301F-11D3-BF4B-00C04F79EFBC}") = "FESVIC", "FESVIC.csproj", "{E06111A8-5F96-EBD2-2711-BAA2C8866DFF}"
EndProject
Global
	GlobalSection(SolutionConfigurationPlatforms) = preSolution
		Debug|Any CPU = Debug|Any CPU
		Release|Any CPU = Release|Any CPU
	EndGlobalSection
	GlobalSection(ProjectConfigurationPlatforms) = postSolution
		{E06111A8-5F96-EBD2-2711-BAA2C8866DFF}.Debug|Any CPU.ActiveCfg = Debug|Any CPU
		{E06111A8-5F96-EBD2-2711-BAA2C8866DFF}.Debug|Any CPU.Build.0 = Debug|Any CPU
		{E06111A8-5F96-EBD2-2711-BAA2C8866DFF}.Release|Any CPU.ActiveCfg = Release|Any CPU
		{E06111A8-5F96-EBD2-2711-BAA2C8866DFF}.Release|Any CPU.Build.0 = Release|Any CPU
	EndGlobalSection
	GlobalSection(SolutionProperties) = preSolution
		HideSolutionNode = FALSE
	EndGlobalSection
	GlobalSection(ExtensibilityGlobals) = postSolution
		SolutionGuid = {79D0C152-97FA-457D-B2C5-A88DB50A6A6F}
	EndGlobalSection
EndGlobal
